{
  "name": "@klaushougesen/skills",
  "version": "0.0.0",
  "lockfileVersion": 3,
  "requires": true,
  "packages": {
    "": {
      "name": "@klaushougesen/skills",
      "version": "0.0.0",
      "license": "MIT",
      "workspaces": [
        "skills/*"
      ]
    },
    "node_modules/@klaushougesen/skill-cli-speed-tools": {
      "resolved": "skills/cli-speed-tools",
      "link": true
    },
    "skills/cli-speed-tools": {
      "name": "@klaushougesen/skill-cli-speed-tools",
      "version": "1.0.0",
      "license": "MIT"
    }
  }
}
